// !$*UTF8*$!
{
	archiveVersion = 1;
	classes = {
	};
	objectVersion = 50;
	objects = {

/* Begin PBXBuildFile section */
		20B7BEC422ADEFF400EA4B23 /* AppDelegate.m in Sources */ = {isa = PBXBuildFile; fileRef = 20B7BEC322ADEFF400EA4B23 /* AppDelegate.m */; };
		20B7BEC722ADEFF400EA4B23 /* ViewController.m in Sources */ = {isa = PBXBuildFile; fileRef = 20B7BEC622ADEFF400EA4B23 /* ViewController.m */; };
		20B7BECA22ADEFF400EA4B23 /* Main.storyboard in Resources */ = {isa = PBXBuildFile; fileRef = 20B7BEC822ADEFF400EA4B23 /* Main.storyboard */; };
		20B7BECC22ADEFF700EA4B23 /* Assets.xcassets in Resources */ = {isa = PBXBuildFile; fileRef = 20B7BECB22ADEFF700EA4B23 /* Assets.xcassets */; };
		20B7BECF22ADEFF700EA4B23 /* LaunchScreen.storyboard in Resources */ = {isa = PBXBuildFile; fileRef = 20B7BECD22ADEFF700EA4B23 /* LaunchScreen.storyboard */; };
		20B7BED222ADEFF700EA4B23 /* main.m in Sources */ = {isa = PBXBuildFile; fileRef = 20B7BED122ADEFF700EA4B23 /* main.m */; };
		20B7BEDC22ADEFF700EA4B23 /* EasyHUDDemoTests.m in Sources */ = {isa = PBXBuildFile; fileRef = 20B7BEDB22ADEFF700EA4B23 /* EasyHUDDemoTests.m */; };
		20B7BEE722ADEFF700EA4B23 /* EasyHUDDemoUITests.m in Sources */ = {isa = PBXBuildFile; fileRef = 20B7BEE622ADEFF700EA4B23 /* EasyHUDDemoUITests.m */; };
		20B7BEF622ADF00D00EA4B23 /* EasyHUD.m in Sources */ = {isa = PBXBuildFile; fileRef = 20B7BEF522ADF00D00EA4B23 /* EasyHUD.m */; };
/* End PBXBuildFile section */

/* Begin PBXContainerItemProxy section */
		20B7BED822ADEFF700EA4B23 /* PBXContainerItemProxy */ = {
			isa = PBXContainerItemProxy;
			containerPortal = 20B7BEB722ADEFF400EA4B23 /* Project object */;
			proxyType = 1;
			remoteGlobalIDString = 20B7BEBE22ADEFF400EA4B23;
			remoteInfo = EasyHUDDemo;
		};
		20B7BEE322ADEFF700EA4B23 /* PBXContainerItemProxy */ = {
			isa = PBXContainerItemProxy;
			containerPortal = 20B7BEB722ADEFF400EA4B23 /* Project object */;
			proxyType = 1;
			remoteGlobalIDString = 20B7BEBE22ADEFF400EA4B23;
			remoteInfo = EasyHUDDemo;
		};
/* End PBXContainerItemProxy section */

/* Begin PBXFileReference section */
		20B7BEBF22ADEFF400EA4B23 /* EasyHUDDemo.app */ = {isa = PBXFileReference; explicitFileType = wrapper.application; includeInIndex = 0; path = EasyHUDDemo.app; sourceTree = BUILT_PRODUCTS_DIR; };
		20B7BEC222ADEFF400EA4B23 /* AppDelegate.h */ = {isa = PBXFileReference; lastKnownFileType = sourcecode.c.h; path = AppDelegate.h; sourceTree = "<group>"; };
		20B7BEC322ADEFF400EA4B23 /* AppDelegate.m */ = {isa = PBXFileReference; lastKnownFileType = sourcecode.c.objc; path = AppDelegate.m; sourceTree = "<group>"; };
		20B7BEC522ADEFF400EA4B23 /* ViewController.h */ = {isa = PBXFileReference; lastKnownFileType = sourcecode.c.h; path = ViewController.h; sourceTree = "<group>"; };
		20B7BEC622ADEFF400EA4B23 /* ViewController.m */ = {isa = PBXFileReference; lastKnownFileType = sourcecode.c.objc; path = ViewController.m; sourceTree = "<group>"; };
		20B7BEC922ADEFF400EA4B23 /* Base */ = {isa = PBXFileReference; lastKnownFileType = file.storyboard; name = Base; path = Base.lproj/Main.storyboard; sourceTree = "<group>"; };
		20B7BECB22ADEFF700EA4B23 /* Assets.xcassets */ = {isa = PBXFileReference; lastKnownFileType = folder.assetcatalog; path = Assets.xcassets; sourceTree = "<group>"; };
		20B7BECE22ADEFF700EA4B23 /* Base */ = {isa = PBXFileReference; lastKnownFileType = file.storyboard; name = Base; path = Base.lproj/LaunchScreen.storyboard; sourceTree = "<group>"; };
		20B7BED022ADEFF700EA4B23 /* Info.plist */ = {isa = PBXFileReference; lastKnownFileType = text.plist.xml; path = Info.plist; sourceTree = "<group>"; };
		20B7BED122ADEFF700EA4B23 /* main.m */ = {isa = PBXFileReference; lastKnownFileType = sourcecode.c.objc; path = main.m; sourceTree = "<group>"; };
		20B7BED722ADEFF700EA4B23 /* EasyHUDDemoTests.xctest */ = {isa = PBXFileReference; explicitFileType = wrapper.cfbundle; includeInIndex = 0; path = EasyHUDDemoTests.xctest; sourceTree = BUILT_PRODUCTS_DIR; };
		20B7BEDB22ADEFF700EA4B23 /* EasyHUDDemoTests.m */ = {isa = PBXFileReference; lastKnownFileType = sourcecode.c.objc; path = EasyHUDDemoTests.m; sourceTree = "<group>"; };
		20B7BEDD22ADEFF700EA4B23 /* Info.plist */ = {isa = PBXFileReference; lastKnownFileType = text.plist.xml; path = Info.plist; sourceTree = "<group>"; };
		20B7BEE222ADEFF700EA4B23 /* EasyHUDDemoUITests.xctest */ = {isa = PBXFileReference; explicitFileType = wrapper.cfbundle; includeInIndex = 0; path = EasyHUDDemoUITests.xctest; sourceTree = BUILT_PRODUCTS_DIR; };
		20B7BEE622ADEFF700EA4B23 /* EasyHUDDemoUITests.m */ = {isa = PBXFileReference; lastKnownFileType = sourcecode.c.objc; path = EasyHUDDemoUITests.m; sourceTree = "<group>"; };
		20B7BEE822ADEFF700EA4B23 /* Info.plist */ = {isa = PBXFileReference; lastKnownFileType = text.plist.xml; path = Info.plist; sourceTree = "<group>"; };
		20B7BEF422ADF00D00EA4B23 /* EasyHUD.h */ = {isa = PBXFileReference; lastKnownFileType = sourcecode.c.h; path = EasyHUD.h; sourceTree = "<group>"; };
		20B7BEF522ADF00D00EA4B23 /* EasyHUD.m */ = {isa = PBXFileReference; lastKnownFileType = sourcecode.c.objc; path = EasyHUD.m; sourceTree = "<group>"; };
/* End PBXFileReference section */

/* Begin PBXFrameworksBuildPhase section */
		20B7BEBC22ADEFF400EA4B23 /* Frameworks */ = {
			isa = PBXFrameworksBuildPhase;
			buildActionMask = 2147483647;
			files = (
			);
			runOnlyForDeploymentPostprocessing = 0;
		};
		20B7BED422ADEFF700EA4B23 /* Frameworks */ = {
			isa = PBXFrameworksBuildPhase;
			buildActionMask = 2147483647;
			files = (
			);
			runOnlyForDeploymentPostprocessing = 0;
		};
		20B7BEDF22ADEFF700EA4B23 /* Frameworks */ = {
			isa = PBXFrameworksBuildPhase;
			buildActionMask = 2147483647;
			files = (
			);
			runOnlyForDeploymentPostprocessing = 0;
		};
/* End PBXFrameworksBuildPhase section */

/* Begin PBXGroup section */
		20B7BEB622ADEFF400EA4B23 = {
			isa = PBXGroup;
			children = (
				20B7BEC122ADEFF400EA4B23 /* EasyHUDDemo */,
				20B7BEDA22ADEFF700EA4B23 /* EasyHUDDemoTests */,
				20B7BEE522ADEFF700EA4B23 /* EasyHUDDemoUITests */,
				20B7BEC022ADEFF400EA4B23 /* Products */,
			);
			sourceTree = "<group>";
		};
		20B7BEC022ADEFF400EA4B23 /* Products */ = {
			isa = PBXGroup;
			children = (
				20B7BEBF22ADEFF400EA4B23 /* EasyHUDDemo.app */,
				20B7BED722ADEFF700EA4B23 /* EasyHUDDemoTests.xctest */,
				20B7BEE222ADEFF700EA4B23 /* EasyHUDDemoUITests.xctest */,
			);
			name = Products;
			sourceTree = "<group>";
		};
		20B7BEC122ADEFF400EA4B23 /* EasyHUDDemo */ = {
			isa = PBXGroup;
			children = (
				20B7BEC222ADEFF400EA4B23 /* AppDelegate.h */,
				20B7BEC322ADEFF400EA4B23 /* AppDelegate.m */,
				20B7BEC522ADEFF400EA4B23 /* ViewController.h */,
				20B7BEC622ADEFF400EA4B23 /* ViewController.m */,
				20B7BEF422ADF00D00EA4B23 /* EasyHUD.h */,
				20B7BEF522ADF00D00EA4B23 /* EasyHUD.m */,
				20B7BEC822ADEFF400EA4B23 /* Main.storyboard */,
				20B7BECB22ADEFF700EA4B23 /* Assets.xcassets */,
				20B7BECD22ADEFF700EA4B23 /* LaunchScreen.storyboard */,
				20B7BED022ADEFF700EA4B23 /* Info.plist */,
				20B7BED122ADEFF700EA4B23 /* main.m */,
			);
			path = EasyHUDDemo;
			sourceTree = "<group>";
		};
		20B7BEDA22ADEFF700EA4B23 /* EasyHUDDemoTests */ = {
			isa = PBXGroup;
			children = (
				20B7BEDB22ADEFF700EA4B23 /* EasyHUDDemoTests.m */,
				20B7BEDD22ADEFF700EA4B23 /* Info.plist */,
			);
			path = EasyHUDDemoTests;
			sourceTree = "<group>";
		};
		20B7BEE522ADEFF700EA4B23 /* EasyHUDDemoUITests */ = {
			isa = PBXGroup;
			children = (
				20B7BEE622ADEFF700EA4B23 /* EasyHUDDemoUITests.m */,
				20B7BEE822ADEFF700EA4B23 /* Info.plist */,
			);
			path = EasyHUDDemoUITests;
			sourceTree = "<group>";
		};
/* End PBXGroup section */

/* Begin PBXNativeTarget section */
		20B7BEBE22ADEFF400EA4B23 /* EasyHUDDemo */ = {
			isa = PBXNativeTarget;
			buildConfigurationList = 20B7BEEB22ADEFF700EA4B23 /* Build configuration list for PBXNativeTarget "EasyHUDDemo" */;
			buildPhases = (
				20B7BEBB22ADEFF400EA4B23 /* Sources */,
				20B7BEBC22ADEFF400EA4B23 /* Frameworks */,
				20B7BEBD22ADEFF400EA4B23 /* Resources */,
			);
			buildRules = (
			);
			dependencies = (
			);
			name = EasyHUDDemo;
			productName = EasyHUDDemo;
			productReference = 20B7BEBF22ADEFF400EA4B23 /* EasyHUDDemo.app */;
			productType = "com.apple.product-type.application";
		};
		20B7BED622ADEFF700EA4B23 /* EasyHUDDemoTests */ = {
			isa = PBXNativeTarget;
			buildConfigurationList = 20B7BEEE22ADEFF700EA4B23 /* Build configuration list for PBXNativeTarget "EasyHUDDemoTests" */;
			buildPhases = (
				20B7BED322ADEFF700EA4B23 /* Sources */,
				20B7BED422ADEFF700EA4B23 /* Frameworks */,
				20B7BED522ADEFF700EA4B23 /* Resources */,
			);
			buildRules = (
			);
			dependencies = (
				20B7BED922ADEFF700EA4B23 /* PBXTargetDependency */,
			);
			name = EasyHUDDemoTests;
			productName = EasyHUDDemoTests;
			productReference = 20B7BED722ADEFF700EA4B23 /* EasyHUDDemoTests.xctest */;
			productType = "com.apple.product-type.bundle.unit-test";
		};
		20B7BEE122ADEFF700EA4B23 /* EasyHUDDemoUITests */ = {
			isa = PBXNativeTarget;
			buildConfigurationList = 20B7BEF122ADEFF700EA4B23 /* Build configuration list for PBXNativeTarget "EasyHUDDemoUITests" */;
			buildPhases = (
				20B7BEDE22ADEFF700EA4B23 /* Sources */,
				20B7BEDF22ADEFF700EA4B23 /* Frameworks */,
				20B7BEE022ADEFF700EA4B23 /* Resources */,
			);
			buildRules = (
			);
			dependencies = (
				20B7BEE422ADEFF700EA4B23 /* PBXTargetDependency */,
			);
			name = EasyHUDDemoUITests;
			productName = EasyHUDDemoUITests;
			productReference = 20B7BEE222ADEFF700EA4B23 /* EasyHUDDemoUITests.xctest */;
			productType = "com.apple.product-type.bundle.ui-testing";
		};
/* End PBXNativeTarget section */

/* Begin PBXProject section */
		20B7BEB722ADEFF400EA4B23 /* Project object */ = {
			isa = PBXProject;
			attributes = {
				LastUpgradeCheck = 1010;
				ORGANIZATIONNAME = easyhud;
				TargetAttributes = {
					20B7BEBE22ADEFF400EA4B23 = {
						CreatedOnToolsVersion = 10.1;
					};
					20B7BED622ADEFF700EA4B23 = {
						CreatedOnToolsVersion = 10.1;
						TestTargetID = 20B7BEBE22ADEFF400EA4B23;
					};
					20B7BEE122ADEFF700EA4B23 = {
						CreatedOnToolsVersion = 10.1;
						TestTargetID = 20B7BEBE22ADEFF400EA4B23;
					};
				};
			};
			buildConfigurationList = 20B7BEBA22ADEFF400EA4B23 /* Build configuration list for PBXProject "EasyHUDDemo" */;
			compatibilityVersion = "Xcode 9.3";
			developmentRegion = en;
			hasScannedForEncodings = 0;
			knownRegions = (
				en,
				Base,
			);
			mainGroup = 20B7BEB622ADEFF400EA4B23;
			productRefGroup = 20B7BEC022ADEFF400EA4B23 /* Products */;
			projectDirPath = "";
			projectRoot = "";
			targets = (
				20B7BEBE22ADEFF400EA4B23 /* EasyHUDDemo */,
				20B7BED622ADEFF700EA4B23 /* EasyHUDDemoTests */,
				20B7BEE122ADEFF700EA4B23 /* EasyHUDDemoUITests */,
			);
		};
/* End PBXProject section */

/* Begin PBXResourcesBuildPhase section */
		20B7BEBD22ADEFF400EA4B23 /* Resources */ = {
			isa = PBXResourcesBuildPhase;
			buildActionMask = 2147483647;
			files = (
				20B7BECF22ADEFF700EA4B23 /* LaunchScreen.storyboard in Resources */,
				20B7BECC22ADEFF700EA4B23 /* Assets.xcassets in Resources */,
				20B7BECA22ADEFF400EA4B23 /* Main.storyboard in Resources */,
			);
			runOnlyForDeploymentPostprocessing = 0;
		};
		20B7BED522ADEFF700EA4B23 /* Resources */ = {
			isa = PBXResourcesBuildPhase;
			buildActionMask = 2147483647;
			files = (
			);
			runOnlyForDeploymentPostprocessing = 0;
		};
		20B7BEE022ADEFF700EA4B23 /* Resources */ = {
			isa = PBXResourcesBuildPhase;
			buildActionMask = 2147483647;
			files = (
			);
			runOnlyForDeploymentPostprocessing = 0;
		};
/* End PBXResourcesBuildPhase section */

/* Begin PBXSourcesBuildPhase section */
		20B7BEBB22ADEFF400EA4B23 /* Sources */ = {
			isa = PBXSourcesBuildPhase;
			buildActionMask = 2147483647;
			files = (
				20B7BEC722ADEFF400EA4B23 /* ViewController.m in Sources */,
				20B7BED222ADEFF700EA4B23 /* main.m in Sources */,
				20B7BEC422ADEFF400EA4B23 /* AppDelegate.m in Sources */,
				20B7BEF622ADF00D00EA4B23 /* EasyHUD.m in Sources */,
			);
			runOnlyForDeploymentPostprocessing = 0;
		};
		20B7BED322ADEFF700EA4B23 /* Sources */ = {
			isa = PBXSourcesBuildPhase;
			buildActionMask = 2147483647;
			files = (
				20B7BEDC22ADEFF700EA4B23 /* EasyHUDDemoTests.m in Sources */,
			);
			runOnlyForDeploymentPostprocessing = 0;
		};
		20B7BEDE22ADEFF700EA4B23 /* Sources */ = {
			isa = PBXSourcesBuildPhase;
			buildActionMask = 2147483647;
			files = (
				20B7BEE722ADEFF700EA4B23 /* EasyHUDDemoUITests.m in Sources */,
			);
			runOnlyForDeploymentPostprocessing = 0;
		};
/* End PBXSourcesBuildPhase section */

/* Begin PBXTargetDependency section */
		20B7BED922ADEFF700EA4B23 /* PBXTargetDependency */ = {
			isa = PBXTargetDependency;
			target = 20B7BEBE22ADEFF400EA4B23 /* EasyHUDDemo */;
			targetProxy = 20B7BED822ADEFF700EA4B23 /* PBXContainerItemProxy */;
		};
		20B7BEE422ADEFF700EA4B23 /* PBXTargetDependency */ = {
			isa = PBXTargetDependency;
			target = 20B7BEBE22ADEFF400EA4B23 /* EasyHUDDemo */;
			targetProxy = 20B7BEE322ADEFF700EA4B23 /* PBXContainerItemProxy */;
		};
/* End PBXTargetDependency section */

/* Begin PBXVariantGroup section */
		20B7BEC822ADEFF400EA4B23 /* Main.storyboard */ = {
			isa = PBXVariantGroup;
			children = (
				20B7BEC922ADEFF400EA4B23 /* Base */,
			);
			name = Main.storyboard;
			sourceTree = "<group>";
		};
		20B7BECD22ADEFF700EA4B23 /* LaunchScreen.storyboard */ = {
			isa = PBXVariantGroup;
			children = (
				20B7BECE22ADEFF700EA4B23 /* Base */,
			);
			name = LaunchScreen.storyboard;
			sourceTree = "<group>";
		};
/* End PBXVariantGroup section */

/* Begin XCBuildConfiguration section */
		20B7BEE922ADEFF700EA4B23 /* Debug */ = {
			isa = XCBuildConfiguration;
			buildSettings = {
				ALWAYS_SEARCH_USER_PATHS = NO;
				CLANG_ANALYZER_NONNULL = YES;
				CLANG_ANALYZER_NUMBER_OBJECT_CONVERSION = YES_AGGRESSIVE;
				CLANG_CXX_LANGUAGE_STANDARD = "gnu++14";
				CLANG_CXX_LIBRARY = "libc++";
				CLANG_ENABLE_MODULES = YES;
				CLANG_ENABLE_OBJC_ARC = YES;
				CLANG_ENABLE_OBJC_WEAK = YES;
				CLANG_WARN_BLOCK_CAPTURE_AUTORELEASING = YES;
				CLANG_WARN_BOOL_CONVERSION = YES;
				CLANG_WARN_COMMA = YES;
				CLANG_WARN_CONSTANT_CONVERSION = YES;
				CLANG_WARN_DEPRECATED_OBJC_IMPLEMENTATIONS = YES;
				CLANG_WARN_DIRECT_OBJC_ISA_USAGE = YES_ERROR;
				CLANG_WARN_DOCUMENTATION_COMMENTS = YES;
				CLANG_WARN_EMPTY_BODY = YES;
				CLANG_WARN_ENUM_CONVERSION = YES;
				CLANG_WARN_INFINITE_RECURSION = YES;
				CLANG_WARN_INT_CONVERSION = YES;
				CLANG_WARN_NON_LITERAL_NULL_CONVERSION = YES;
				CLANG_WARN_OBJC_IMPLICIT_RETAIN_SELF = YES;
				CLANG_WARN_OBJC_LITERAL_CONVERSION = YES;
				CLANG_WARN_OBJC_ROOT_CLASS = YES_ERROR;
				CLANG_WARN_RANGE_LOOP_ANALYSIS = YES;
				CLANG_WARN_STRICT_PROTOTYPES = YES;
				CLANG_WARN_SUSPICIOUS_MOVE = YES;
				CLANG_WARN_UNGUARDED_AVAILABILITY = YES_AGGRESSIVE;
				CLANG_WARN_UNREACHABLE_CODE = YES;
				CLANG_WARN__DUPLICATE_METHOD_MATCH = YES;
				CODE_SIGN_IDENTITY = "iPhone Developer";
				COPY_PHASE_STRIP = NO;
				DEBUG_INFORMATION_FORMAT = dwarf;
				ENABLE_STRICT_OBJC_MSGSEND = YES;
				ENABLE_TESTABILITY = YES;
				GCC_C_LANGUAGE_STANDARD = gnu11;
				GCC_DYNAMIC_NO_PIC = NO;
				GCC_NO_COMMON_BLOCKS = YES;
				GCC_OPTIMIZATION_LEVEL = 0;
				GCC_PREPROCESSOR_DEFINITIONS = (
					"DEBUG=1",
					"$(inherited)",
				);
				GCC_WARN_64_TO_32_BIT_CONVERSION = YES;
				GCC_WARN_ABOUT_RETURN_TYPE = YES_ERROR;
				GCC_WARN_UNDECLARED_SELECTOR = YES;
				GCC_WARN_UNINITIALIZED_AUTOS = YES_AGGRESSIVE;
				GCC_WARN_UNUSED_FUNCTION = YES;
				GCC_WARN_UNUSED_VARIABLE = YES;
				IPHONEOS_DEPLOYMENT_TARGET = 12.1;
				MTL_ENABLE_DEBUG_INFO = INCLUDE_SOURCE;
				MTL_FAST_MATH = YES;
				ONLY_ACTIVE_ARCH = YES;
				SDKROOT = iphoneos;
			};
			name = Debug;
		};
		20B7BEEA22ADEFF700EA4B23 /* Release */ = {
			isa = XCBuildConfiguration;
			buildSettings = {
				ALWAYS_SEARCH_USER_PATHS = NO;
				CLANG_ANALYZER_NONNULL = YES;
				CLANG_ANALYZER_NUMBER_OBJECT_CONVERSION = YES_AGGRESSIVE;
				CLANG_CXX_LANGUAGE_STANDARD = "gnu++14";
				CLANG_CXX_LIBRARY = "libc++";
				CLANG_ENABLE_MODULES = YES;
				CLANG_ENABLE_OBJC_ARC = YES;
				CLANG_ENABLE_OBJC_WEAK = YES;
				CLANG_WARN_BLOCK_CAPTURE_AUTORELEASING = YES;
				CLANG_WARN_BOOL_CONVERSION = YES;
				CLANG_WARN_COMMA = YES;
				CLANG_WARN_CONSTANT_CONVERSION = YES;
				CLANG_WARN_DEPRECATED_OBJC_IMPLEMENTATIONS = YES;
				CLANG_WARN_DIRECT_OBJC_ISA_USAGE = YES_ERROR;
				CLANG_WARN_DOCUMENTATION_COMMENTS = YES;
				CLANG_WARN_EMPTY_BODY = YES;
				CLANG_WARN_ENUM_CONVERSION = YES;
				CLANG_WARN_INFINITE_RECURSION = YES;
				CLANG_WARN_INT_CONVERSION = YES;
				CLANG_WARN_NON_LITERAL_NULL_CONVERSION = YES;
				CLANG_WARN_OBJC_IMPLICIT_RETAIN_SELF = YES;
				CLANG_WARN_OBJC_LITERAL_CONVERSION = YES;
				CLANG_WARN_OBJC_ROOT_CLASS = YES_ERROR;
				CLANG_WARN_RANGE_LOOP_ANALYSIS = YES;
				CLANG_WARN_STRICT_PROTOTYPES = YES;
				CLANG_WARN_SUSPICIOUS_MOVE = YES;
				CLANG_WARN_UNGUARDED_AVAILABILITY = YES_AGGRESSIVE;
				CLANG_WARN_UNREACHABLE_CODE = YES;
				CLANG_WARN__DUPLICATE_METHOD_MATCH = YES;
				CODE_SIGN_IDENTITY = "iPhone Developer";
				COPY_PHASE_STRIP = NO;
				DEBUG_INFORMATION_FORMAT = "dwarf-with-dsym";
				ENABLE_NS_ASSERTIONS = NO;
				ENABLE_STRICT_OBJC_MSGSEND = YES;
				GCC_C_LANGUAGE_STANDARD = gnu11;
				GCC_NO_COMMON_BLOCKS = YES;
				GCC_WARN_64_TO_32_BIT_CONVERSION = YES;
				GCC_WARN_ABOUT_RETURN_TYPE = YES_ERROR;
				GCC_WARN_UNDECLARED_SELECTOR = YES;
				GCC_WARN_UNINITIALIZED_AUTOS = YES_AGGRESSIVE;
				GCC_WARN_UNUSED_FUNCTION = YES;
				GCC_WARN_UNUSED_VARIABLE = YES;
				IPHONEOS_DEPLOYMENT_TARGET = 12.1;
				MTL_ENABLE_DEBUG_INFO = NO;
				MTL_FAST_MATH = YES;
				SDKROOT = iphoneos;
				VALIDATE_PRODUCT = YES;
			};
			name = Release;
		};
		20B7BEEC22ADEFF700EA4B23 /* Debug */ = {
			isa = XCBuildConfiguration;
			buildSettings = {
				ASSETCATALOG_COMPILER_APPICON_NAME = AppIcon;
				CODE_SIGN_STYLE = Automatic;
				DEVELOPMENT_TEAM = 6ET6Z7397N;
				INFOPLIST_FILE = EasyHUDDemo/Info.plist;
				LD_RUNPATH_SEARCH_PATHS = (
					"$(inherited)",
					"@executable_path/Frameworks",
				);
				PRODUCT_BUNDLE_IDENTIFIER = com.liumin.EasyHUDDemo;
				PRODUCT_NAME = "$(TARGET_NAME)";
				TARGETED_DEVICE_FAMILY = "1,2";
			};
			name = Debug;
		};
		20B7BEED22ADEFF700EA4B23 /* Release */ = {
			isa = XCBuildConfiguration;
			buildSettings = {
				ASSETCATALOG_COMPILER_APPICON_NAME = AppIcon;
				CODE_SIGN_STYLE = Automatic;
				DEVELOPMENT_TEAM = 6ET6Z7397N;
				INFOPLIST_FILE = EasyHUDDemo/Info.plist;
				LD_RUNPATH_SEARCH_PATHS = (
					"$(inherited)",
					"@executable_path/Frameworks",
				);
				PRODUCT_BUNDLE_IDENTIFIER = com.liumin.EasyHUDDemo;
				PRODUCT_NAME = "$(TARGET_NAME)";
				TARGETED_DEVICE_FAMILY = "1,2";
			};
			name = Release;
		};
		20B7BEEF22ADEFF700EA4B23 /* Debug */ = {
			isa = XCBuildConfiguration;
			buildSettings = {
				BUNDLE_LOADER = "$(TEST_HOST)";
				CODE_SIGN_STYLE = Automatic;
				DEVELOPMENT_TEAM = 6ET6Z7397N;
				INFOPLIST_FILE = EasyHUDDemoTests/Info.plist;
				LD_RUNPATH_SEARCH_PATHS = (
					"$(inherited)",
					"@executable_path/Frameworks",
					"@loader_path/Frameworks",
				);
				PRODUCT_BUNDLE_IDENTIFIER = com.liumin.EasyHUDDemoTests;
				PRODUCT_NAME = "$(TARGET_NAME)";
				TARGETED_DEVICE_FAMILY = "1,2";
				TEST_HOST = "$(BUILT_PRODUCTS_DIR)/EasyHUDDemo.app/EasyHUDDemo";
			};
			name = Debug;
		};
		20B7BEF022ADEFF700EA4B23 /* Release */ = {
			isa = XCBuildConfiguration;
			buildSettings = {
				BUNDLE_LOADER = "$(TEST_HOST)";
				CODE_SIGN_STYLE = Automatic;
				DEVELOPMENT_TEAM = 6ET6Z7397N;
				INFOPLIST_FILE = EasyHUDDemoTests/Info.plist;
				LD_RUNPATH_SEARCH_PATHS = (
					"$(inherited)",
					"@executable_path/Frameworks",
					"@loader_path/Frameworks",
				);
				PRODUCT_BUNDLE_IDENTIFIER = com.liumin.EasyHUDDemoTests;
				PRODUCT_NAME = "$(TARGET_NAME)";
				TARGETED_DEVICE_FAMILY = "1,2";
				TEST_HOST = "$(BUILT_PRODUCTS_DIR)/EasyHUDDemo.app/EasyHUDDemo";
			};
			name = Release;
		};
		20B7BEF222ADEFF700EA4B23 /* Debug */ = {
			isa = XCBuildConfiguration;
			buildSettings = {
				CODE_SIGN_STYLE = Automatic;
				DEVELOPMENT_TEAM = 6ET6Z7397N;
				INFOPLIST_FILE = EasyHUDDemoUITests/Info.plist;
				LD_RUNPATH_SEARCH_PATHS = (
					"$(inherited)",
					"@executable_path/Frameworks",
					"@loader_path/Frameworks",
				);
				PRODUCT_BUNDLE_IDENTIFIER = com.liumin.EasyHUDDemoUITests;
				PRODUCT_NAME = "$(TARGET_NAME)";
				TARGETED_DEVICE_FAMILY = "1,2";
				TEST_TARGET_NAME = EasyHUDDemo;
			};
			name = Debug;
		};
		20B7BEF322ADEFF700EA4B23 /* Release */ = {
			isa = XCBuildConfiguration;
			buildSettings = {
				CODE_SIGN_STYLE = Automatic;
				DEVELOPMENT_TEAM = 6ET6Z7397N;
				INFOPLIST_FILE = EasyHUDDemoUITests/Info.plist;
				LD_RUNPATH_SEARCH_PATHS = (
					"$(inherited)",
					"@executable_path/Frameworks",
					"@loader_path/Frameworks",
				);
				PRODUCT_BUNDLE_IDENTIFIER = com.liumin.EasyHUDDemoUITests;
				PRODUCT_NAME = "$(TARGET_NAME)";
				TARGETED_DEVICE_FAMILY = "1,2";
				TEST_TARGET_NAME = EasyHUDDemo;
			};
			name = Release;
		};
/* End XCBuildConfiguration section */

/* Begin XCConfigurationList section */
		20B7BEBA22ADEFF400EA4B23 /* Build configuration list for PBXProject "EasyHUDDemo" */ = {
			isa = XCConfigurationList;
			buildConfigurations = (
				20B7BEE922ADEFF700EA4B23 /* Debug */,
				20B7BEEA22ADEFF700EA4B23 /* Release */,
			);
			defaultConfigurationIsVisible = 0;
			defaultConfigurationName = Release;
		};
		20B7BEEB22ADEFF700EA4B23 /* Build configuration list for PBXNativeTarget "EasyHUDDemo" */ = {
			isa = XCConfigurationList;
			buildConfigurations = (
				20B7BEEC22ADEFF700EA4B23 /* Debug */,
				20B7BEED22ADEFF700EA4B23 /* Release */,
			);
			defaultConfigurationIsVisible = 0;
			defaultConfigurationName = Release;
		};
		20B7BEEE22ADEFF700EA4B23 /* Build configuration list for PBXNativeTarget "EasyHUDDemoTests" */ = {
			isa = XCConfigurationList;
			buildConfigurations = (
				20B7BEEF22ADEFF700EA4B23 /* Debug */,
				20B7BEF022ADEFF700EA4B23 /* Release */,
			);
			defaultConfigurationIsVisible = 0;
			defaultConfigurationName = Release;
		};
		20B7BEF122ADEFF700EA4B23 /* Build configuration list for PBXNativeTarget "EasyHUDDemoUITests" */ = {
			isa = XCConfigurationList;
			buildConfigurations = (
				20B7BEF222ADEFF700EA4B23 /* Debug */,
				20B7BEF322ADEFF700EA4B23 /* Release */,
			);
			defaultConfigurationIsVisible = 0;
			defaultConfigurationName = Release;
		};
/* End XCConfigurationList section */
	};
	rootObject = 20B7BEB722ADEFF400EA4B23 /* Project object */;
}
